// !$*UTF8*$!
{
	archiveVersion = 1;
	classes = {
	};
	objectVersion = 51;
	objects = {

/* Begin PBXBuildFile section */
		2451025C250E8105009DE8C4 /* SwipeTableViewController.swift in Sources */ = {isa = PBXBuildFile; fileRef = 2451025B250E8105009DE8C4 /* SwipeTableViewController.swift */; };
		24D1C15E250DD14300CF38DD /* AppDelegate.swift in Sources */ = {isa = PBXBuildFile; fileRef = 24D1C15D250DD14300CF38DD /* AppDelegate.swift */; };
		24D1C160250DD14300CF38DD /* SceneDelegate.swift in Sources */ = {isa = PBXBuildFile; fileRef = 24D1C15F250DD14300CF38DD /* SceneDelegate.swift */; };
		24D1C162250DD14300CF38DD /* TodoViewController.swift in Sources */ = {isa = PBXBuildFile; fileRef = 24D1C161250DD14300CF38DD /* TodoViewController.swift */; };
		24D1C165250DD14300CF38DD /* Main.storyboard in Resources */ = {isa = PBXBuildFile; fileRef = 24D1C163250DD14300CF38DD /* Main.storyboard */; };
		24D1C168250DD14300CF38DD /* Todo.xcdatamodeld in Sources */ = {isa = PBXBuildFile; fileRef = 24D1C166250DD14300CF38DD /* Todo.xcdatamodeld */; };
		24D1C16A250DD14400CF38DD /* Assets.xcassets in Resources */ = {isa = PBXBuildFile; fileRef = 24D1C169250DD14400CF38DD /* Assets.xcassets */; };
		24D1C16D250DD14400CF38DD /* LaunchScreen.storyboard in Resources */ = {isa = PBXBuildFile; fileRef = 24D1C16B250DD14400CF38DD /* LaunchScreen.storyboard */; };
		24D1C17A250E43F800CF38DD /* CategoryViewController.swift in Sources */ = {isa = PBXBuildFile; fileRef = 24D1C179250E43F800CF38DD /* CategoryViewController.swift */; };
		5B9352FA769204FD7A55E0C5 /* Pods_Todo.framework in Frameworks */ = {isa = PBXBuildFile; fileRef = AF0DBF82CCA24E90FEF5990E /* Pods_Todo.framework */; };
/* End PBXBuildFile section */

/* Begin PBXFileReference section */
		199D561105003C3B02E99F05 /* Pods-Todo.release.xcconfig */ = {isa = PBXFileReference; includeInIndex = 1; lastKnownFileType = text.xcconfig; name = "Pods-Todo.release.xcconfig"; path = "Target Support Files/Pods-Todo/Pods-Todo.release.xcconfig"; sourceTree = "<group>"; };
		2451025B250E8105009DE8C4 /* SwipeTableViewController.swift */ = {isa = PBXFileReference; lastKnownFileType = sourcecode.swift; path = SwipeTableViewController.swift; sourceTree = "<group>"; };
		24D1C15A250DD14300CF38DD /* Todo.app */ = {isa = PBXFileReference; explicitFileType = wrapper.application; includeInIndex = 0; path = Todo.app; sourceTree = BUILT_PRODUCTS_DIR; };
		24D1C15D250DD14300CF38DD /* AppDelegate.swift */ = {isa = PBXFileReference; lastKnownFileType = sourcecode.swift; path = AppDelegate.swift; sourceTree = "<group>"; };
		24D1C15F250DD14300CF38DD /* SceneDelegate.swift */ = {isa = PBXFileReference; lastKnownFileType = sourcecode.swift; path = SceneDelegate.swift; sourceTree = "<group>"; };
		24D1C161250DD14300CF38DD /* TodoViewController.swift */ = {isa = PBXFileReference; lastKnownFileType = sourcecode.swift; path = TodoViewController.swift; sourceTree = "<group>"; };
		24D1C164250DD14300CF38DD /* Base */ = {isa = PBXFileReference; lastKnownFileType = file.storyboard; name = Base; path = Base.lproj/Main.storyboard; sourceTree = "<group>"; };
		24D1C167250DD14300CF38DD /* Todo.xcdatamodel */ = {isa = PBXFileReference; lastKnownFileType = wrapper.xcdatamodel; path = Todo.xcdatamodel; sourceTree = "<group>"; };
		24D1C169250DD14400CF38DD /* Assets.xcassets */ = {isa = PBXFileReference; lastKnownFileType = folder.assetcatalog; path = Assets.xcassets; sourceTree = "<group>"; };
		24D1C16C250DD14400CF38DD /* Base */ = {isa = PBXFileReference; lastKnownFileType = file.storyboard; name = Base; path = Base.lproj/LaunchScreen.storyboard; sourceTree = "<group>"; };
		24D1C16E250DD14400CF38DD /* Info.plist */ = {isa = PBXFileReference; lastKnownFileType = text.plist.xml; path = Info.plist; sourceTree = "<group>"; };
		24D1C179250E43F800CF38DD /* CategoryViewController.swift */ = {isa = PBXFileReference; lastKnownFileType = sourcecode.swift; path = CategoryViewController.swift; sourceTree = "<group>"; };
		AF0DBF82CCA24E90FEF5990E /* Pods_Todo.framework */ = {isa = PBXFileReference; explicitFileType = wrapper.framework; includeInIndex = 0; path = Pods_Todo.framework; sourceTree = BUILT_PRODUCTS_DIR; };
		C3FE08F843012C6E38BF66BD /* Pods-Todo.debug.xcconfig */ = {isa = PBXFileReference; includeInIndex = 1; lastKnownFileType = text.xcconfig; name = "Pods-Todo.debug.xcconfig"; path = "Target Support Files/Pods-Todo/Pods-Todo.debug.xcconfig"; sourceTree = "<group>"; };
/* End PBXFileReference section */

/* Begin PBXFrameworksBuildPhase section */
		24D1C157250DD14300CF38DD /* Frameworks */ = {
			isa = PBXFrameworksBuildPhase;
			buildActionMask = 2147483647;
			files = (
				5B9352FA769204FD7A55E0C5 /* Pods_Todo.framework in Frameworks */,
			);
			runOnlyForDeploymentPostprocessing = 0;
		};
/* End PBXFrameworksBuildPhase section */

/* Begin PBXGroup section */
		24D1C151250DD14300CF38DD = {
			isa = PBXGroup;
			children = (
				24D1C15C250DD14300CF38DD /* Todo */,
				24D1C15B250DD14300CF38DD /* Products */,
				C06C7FDC739C53551B7328E8 /* Pods */,
				3FE106231E9168A050E1EF5A /* Frameworks */,
			);
			sourceTree = "<group>";
		};
		24D1C15B250DD14300CF38DD /* Products */ = {
			isa = PBXGroup;
			children = (
				24D1C15A250DD14300CF38DD /* Todo.app */,
			);
			name = Products;
			sourceTree = "<group>";
		};
		24D1C15C250DD14300CF38DD /* Todo */ = {
			isa = PBXGroup;
			children = (
				24D1C15D250DD14300CF38DD /* AppDelegate.swift */,
				24D1C15F250DD14300CF38DD /* SceneDelegate.swift */,
				24D1C174250DEF1000CF38DD /* Model */,
				24D1C176250DEF2700CF38DD /* View */,
				24D1C175250DEF1B00CF38DD /* Controller */,
				24D1C169250DD14400CF38DD /* Assets.xcassets */,
				24D1C16B250DD14400CF38DD /* LaunchScreen.storyboard */,
				24D1C16E250DD14400CF38DD /* Info.plist */,
			);
			path = Todo;
			sourceTree = "<group>";
		};
		24D1C174250DEF1000CF38DD /* Model */ = {
			isa = PBXGroup;
			children = (
				24D1C166250DD14300CF38DD /* Todo.xcdatamodeld */,
			);
			path = Model;
			sourceTree = "<group>";
		};
		24D1C175250DEF1B00CF38DD /* Controller */ = {
			isa = PBXGroup;
			children = (
				24D1C179250E43F800CF38DD /* CategoryViewController.swift */,
				24D1C161250DD14300CF38DD /* TodoViewController.swift */,
				2451025B250E8105009DE8C4 /* SwipeTableViewController.swift */,
			);
			path = Controller;
			sourceTree = "<group>";
		};
		24D1C176250DEF2700CF38DD /* View */ = {
			isa = PBXGroup;
			children = (
				24D1C163250DD14300CF38DD /* Main.storyboard */,
			);
			path = View;
			sourceTree = "<group>";
		};
		3FE106231E9168A050E1EF5A /* Frameworks */ = {
			isa = PBXGroup;
			children = (
				AF0DBF82CCA24E90FEF5990E /* Pods_Todo.framework */,
			);
			name = Frameworks;
			sourceTree = "<group>";
		};
		C06C7FDC739C53551B7328E8 /* Pods */ = {
			isa = PBXGroup;
			children = (
				C3FE08F843012C6E38BF66BD /* Pods-Todo.debug.xcconfig */,
				199D561105003C3B02E99F05 /* Pods-Todo.release.xcconfig */,
			);
			path = Pods;
			sourceTree = "<group>";
		};
/* End PBXGroup section */

/* Begin PBXNativeTarget section */
		24D1C159250DD14300CF38DD /* Todo */ = {
			isa = PBXNativeTarget;
			buildConfigurationList = 24D1C171250DD14400CF38DD /* Build configuration list for PBXNativeTarget "Todo" */;
			buildPhases = (
				E60F35413C32692DDA3CC1D5 /* [CP] Check Pods Manifest.lock */,
				24D1C156250DD14300CF38DD /* Sources */,
				24D1C157250DD14300CF38DD /* Frameworks */,
				24D1C158250DD14300CF38DD /* Resources */,
				729DB8DC9260D2FCD43C09FC /* [CP] Embed Pods Frameworks */,
			);
			buildRules = (
			);
			dependencies = (
			);
			name = Todo;
			productName = Todo;
			productReference = 24D1C15A250DD14300CF38DD /* Todo.app */;
			productType = "com.apple.product-type.application";
		};
/* End PBXNativeTarget section */

/* Begin PBXProject section */
		24D1C152250DD14300CF38DD /* Project object */ = {
			isa = PBXProject;
			attributes = {
				LastSwiftUpdateCheck = 1160;
				LastUpgradeCheck = 1160;
				ORGANIZATIONNAME = AmeerMuhammed;
				TargetAttributes = {
					24D1C159250DD14300CF38DD = {
						CreatedOnToolsVersion = 11.6;
					};
				};
			};
			buildConfigurationList = 24D1C155250DD14300CF38DD /* Build configuration list for PBXProject "Todo" */;
			compatibilityVersion = "Xcode 9.3";
			developmentRegion = en;
			hasScannedForEncodings = 0;
			knownRegions = (
				en,
				Base,
			);
			mainGroup = 24D1C151250DD14300CF38DD;
			productRefGroup = 24D1C15B250DD14300CF38DD /* Products */;
			projectDirPath = "";
			projectRoot = "";
			targets = (
				24D1C159250DD14300CF38DD /* Todo */,
			);
		};
/* End PBXProject section */

/* Begin PBXResourcesBuildPhase section */
		24D1C158250DD14300CF38DD /* Resources */ = {
			isa = PBXResourcesBuildPhase;
			buildActionMask = 2147483647;
			files = (
				24D1C16D250DD14400CF38DD /* LaunchScreen.storyboard in Resources */,
				24D1C16A250DD14400CF38DD /* Assets.xcassets in Resources */,
				24D1C165250DD14300CF38DD /* Main.storyboard in Resources */,
			);
			runOnlyForDeploymentPostprocessing = 0;
		};
/* End PBXResourcesBuildPhase section */

/* Begin PBXShellScriptBuildPhase section */
		729DB8DC9260D2FCD43C09FC /* [CP] Embed Pods Frameworks */ = {
			isa = PBXShellScriptBuildPhase;
			buildActionMask = 2147483647;
			files = (
			);
			inputFileListPaths = (
				"${PODS_ROOT}/Target Support Files/Pods-Todo/Pods-Todo-frameworks-${CONFIGURATION}-input-files.xcfilelist",
			);
			name = "[CP] Embed Pods Frameworks";
			outputFileListPaths = (
				"${PODS_ROOT}/Target Support Files/Pods-Todo/Pods-Todo-frameworks-${CONFIGURATION}-output-files.xcfilelist",
			);
			runOnlyForDeploymentPostprocessing = 0;
			shellPath = /bin/sh;
			shellScript = "\"${PODS_ROOT}/Target Support Files/Pods-Todo/Pods-Todo-frameworks.sh\"\n";
			showEnvVarsInLog = 0;
		};
		E60F35413C32692DDA3CC1D5 /* [CP] Check Pods Manifest.lock */ = {
			isa = PBXShellScriptBuildPhase;
			buildActionMask = 2147483647;
			files = (
			);
			inputFileListPaths = (
			);
			inputPaths = (
				"${PODS_PODFILE_DIR_PATH}/Podfile.lock",
				"${PODS_ROOT}/Manifest.lock",
			);
			name = "[CP] Check Pods Manifest.lock";
			outputFileListPaths = (
			);
			outputPaths = (
				"$(DERIVED_FILE_DIR)/Pods-Todo-checkManifestLockResult.txt",
			);
			runOnlyForDeploymentPostprocessing = 0;
			shellPath = /bin/sh;
			shellScript = "diff \"${PODS_PODFILE_DIR_PATH}/Podfile.lock\" \"${PODS_ROOT}/Manifest.lock\" > /dev/null\nif [ $? != 0 ] ; then\n    # print error to STDERR\n    echo \"error: The sandbox is not in sync with the Podfile.lock. Run 'pod install' or update your CocoaPods installation.\" >&2\n    exit 1\nfi\n# This output is used by Xcode 'outputs' to avoid re-running this script phase.\necho \"SUCCESS\" > \"${SCRIPT_OUTPUT_FILE_0}\"\n";
			showEnvVarsInLog = 0;
		};
/* End PBXShellScriptBuildPhase section */

/* Begin PBXSourcesBuildPhase section */
		24D1C156250DD14300CF38DD /* Sources */ = {
			isa = PBXSourcesBuildPhase;
			buildActionMask = 2147483647;
			files = (
				24D1C17A250E43F800CF38DD /* CategoryViewController.swift in Sources */,
				24D1C162250DD14300CF38DD /* TodoViewController.swift in Sources */,
				24D1C15E250DD14300CF38DD /* AppDelegate.swift in Sources */,
				24D1C160250DD14300CF38DD /* SceneDelegate.swift in Sources */,
				2451025C250E8105009DE8C4 /* SwipeTableViewController.swift in Sources */,
				24D1C168250DD14300CF38DD /* Todo.xcdatamodeld in Sources */,
			);
			runOnlyForDeploymentPostprocessing = 0;
		};
/* End PBXSourcesBuildPhase section */

/* Begin PBXVariantGroup section */
		24D1C163250DD14300CF38DD /* Main.storyboard */ = {
			isa = PBXVariantGroup;
			children = (
				24D1C164250DD14300CF38DD /* Base */,
			);
			name = Main.storyboard;
			sourceTree = "<group>";
		};
		24D1C16B250DD14400CF38DD /* LaunchScreen.storyboard */ = {
			isa = PBXVariantGroup;
			children = (
				24D1C16C250DD14400CF38DD /* Base */,
			);
			name = LaunchScreen.storyboard;
			sourceTree = "<group>";
		};
/* End PBXVariantGroup section */

/* Begin XCBuildConfiguration section */
		24D1C16F250DD14400CF38DD /* Debug */ = {
			isa = XCBuildConfiguration;
			buildSettings = {
				ALWAYS_SEARCH_USER_PATHS = NO;
				CLANG_ANALYZER_NONNULL = YES;
				CLANG_ANALYZER_NUMBER_OBJECT_CONVERSION = YES_AGGRESSIVE;
				CLANG_CXX_LANGUAGE_STANDARD = "gnu++14";
				CLANG_CXX_LIBRARY = "libc++";
				CLANG_ENABLE_MODULES = YES;
				CLANG_ENABLE_OBJC_ARC = YES;
				CLANG_ENABLE_OBJC_WEAK = YES;
				CLANG_WARN_BLOCK_CAPTURE_AUTORELEASING = YES;
				CLANG_WARN_BOOL_CONVERSION = YES;
				CLANG_WARN_COMMA = YES;
				CLANG_WARN_CONSTANT_CONVERSION = YES;
				CLANG_WARN_DEPRECATED_OBJC_IMPLEMENTATIONS = YES;
				CLANG_WARN_DIRECT_OBJC_ISA_USAGE = YES_ERROR;
				CLANG_WARN_DOCUMENTATION_COMMENTS = YES;
				CLANG_WARN_EMPTY_BODY = YES;
				CLANG_WARN_ENUM_CONVERSION = YES;
				CLANG_WARN_INFINITE_RECURSION = YES;
				CLANG_WARN_INT_CONVERSION = YES;
				CLANG_WARN_NON_LITERAL_NULL_CONVERSION = YES;
				CLANG_WARN_OBJC_IMPLICIT_RETAIN_SELF = YES;
				CLANG_WARN_OBJC_LITERAL_CONVERSION = YES;
				CLANG_WARN_OBJC_ROOT_CLASS = YES_ERROR;
				CLANG_WARN_RANGE_LOOP_ANALYSIS = YES;
				CLANG_WARN_STRICT_PROTOTYPES = YES;
				CLANG_WARN_SUSPICIOUS_MOVE = YES;
				CLANG_WARN_UNGUARDED_AVAILABILITY = YES_AGGRESSIVE;
				CLANG_WARN_UNREACHABLE_CODE = YES;
				CLANG_WARN__DUPLICATE_METHOD_MATCH = YES;
				COPY_PHASE_STRIP = NO;
				DEBUG_INFORMATION_FORMAT = dwarf;
				ENABLE_STRICT_OBJC_MSGSEND = YES;
				ENABLE_TESTABILITY = YES;
				GCC_C_LANGUAGE_STANDARD = gnu11;
				GCC_DYNAMIC_NO_PIC = NO;
				GCC_NO_COMMON_BLOCKS = YES;
				GCC_OPTIMIZATION_LEVEL = 0;
				GCC_PREPROCESSOR_DEFINITIONS = (
					"DEBUG=1",
					"$(inherited)",
				);
				GCC_WARN_64_TO_32_BIT_CONVERSION = YES;
				GCC_WARN_ABOUT_RETURN_TYPE = YES_ERROR;
				GCC_WARN_UNDECLARED_SELECTOR = YES;
				GCC_WARN_UNINITIALIZED_AUTOS = YES_AGGRESSIVE;
				GCC_WARN_UNUSED_FUNCTION = YES;
				GCC_WARN_UNUSED_VARIABLE = YES;
				IPHONEOS_DEPLOYMENT_TARGET = 13.6;
				MTL_ENABLE_DEBUG_INFO = INCLUDE_SOURCE;
				MTL_FAST_MATH = YES;
				ONLY_ACTIVE_ARCH = YES;
				SDKROOT = iphoneos;
				SWIFT_ACTIVE_COMPILATION_CONDITIONS = DEBUG;
				SWIFT_OPTIMIZATION_LEVEL = "-Onone";
			};
			name = Debug;
		};
		24D1C170250DD14400CF38DD /* Release */ = {
			isa = XCBuildConfiguration;
			buildSettings = {
				ALWAYS_SEARCH_USER_PATHS = NO;
				CLANG_ANALYZER_NONNULL = YES;
				CLANG_ANALYZER_NUMBER_OBJECT_CONVERSION = YES_AGGRESSIVE;
				CLANG_CXX_LANGUAGE_STANDARD = "gnu++14";
				CLANG_CXX_LIBRARY = "libc++";
				CLANG_ENABLE_MODULES = YES;
				CLANG_ENABLE_OBJC_ARC = YES;
				CLANG_ENABLE_OBJC_WEAK = YES;
				CLANG_WARN_BLOCK_CAPTURE_AUTORELEASING = YES;
				CLANG_WARN_BOOL_CONVERSION = YES;
				CLANG_WARN_COMMA = YES;
				CLANG_WARN_CONSTANT_CONVERSION = YES;
				CLANG_WARN_DEPRECATED_OBJC_IMPLEMENTATIONS = YES;
				CLANG_WARN_DIRECT_OBJC_ISA_USAGE = YES_ERROR;
				CLANG_WARN_DOCUMENTATION_COMMENTS = YES;
				CLANG_WARN_EMPTY_BODY = YES;
				CLANG_WARN_ENUM_CONVERSION = YES;
				CLANG_WARN_INFINITE_RECURSION = YES;
				CLANG_WARN_INT_CONVERSION = YES;
				CLANG_WARN_NON_LITERAL_NULL_CONVERSION = YES;
				CLANG_WARN_OBJC_IMPLICIT_RETAIN_SELF = YES;
				CLANG_WARN_OBJC_LITERAL_CONVERSION = YES;
				CLANG_WARN_OBJC_ROOT_CLASS = YES_ERROR;
				CLANG_WARN_RANGE_LOOP_ANALYSIS = YES;
				CLANG_WARN_STRICT_PROTOTYPES = YES;
				CLANG_WARN_SUSPICIOUS_MOVE = YES;
				CLANG_WARN_UNGUARDED_AVAILABILITY = YES_AGGRESSIVE;
				CLANG_WARN_UNREACHABLE_CODE = YES;
				CLANG_WARN__DUPLICATE_METHOD_MATCH = YES;
				COPY_PHASE_STRIP = NO;
				DEBUG_INFORMATION_FORMAT = "dwarf-with-dsym";
				ENABLE_NS_ASSERTIONS = NO;
				ENABLE_STRICT_OBJC_MSGSEND = YES;
				GCC_C_LANGUAGE_STANDARD = gnu11;
				GCC_NO_COMMON_BLOCKS = YES;
				GCC_WARN_64_TO_32_BIT_CONVERSION = YES;
				GCC_WARN_ABOUT_RETURN_TYPE = YES_ERROR;
				GCC_WARN_UNDECLARED_SELECTOR = YES;
				GCC_WARN_UNINITIALIZED_AUTOS = YES_AGGRESSIVE;
				GCC_WARN_UNUSED_FUNCTION = YES;
				GCC_WARN_UNUSED_VARIABLE = YES;
				IPHONEOS_DEPLOYMENT_TARGET = 13.6;
				MTL_ENABLE_DEBUG_INFO = NO;
				MTL_FAST_MATH = YES;
				SDKROOT = iphoneos;
				SWIFT_COMPILATION_MODE = wholemodule;
				SWIFT_OPTIMIZATION_LEVEL = "-O";
				VALIDATE_PRODUCT = YES;
			};
			name = Release;
		};
		24D1C172250DD14400CF38DD /* Debug */ = {
			isa = XCBuildConfiguration;
			baseConfigurationReference = C3FE08F843012C6E38BF66BD /* Pods-Todo.debug.xcconfig */;
			buildSettings = {
				ASSETCATALOG_COMPILER_APPICON_NAME = AppIcon;
				CODE_SIGN_STYLE = Automatic;
				DEVELOPMENT_TEAM = AY73PCF9K9;
				INFOPLIST_FILE = Todo/Info.plist;
				LD_RUNPATH_SEARCH_PATHS = (
					"$(inherited)",
					"@executable_path/Frameworks",
				);
				PRODUCT_BUNDLE_IDENTIFIER = com.ameermuhammed.Todo;
				PRODUCT_NAME = "$(TARGET_NAME)";
				SWIFT_VERSION = 5.0;
				TARGETED_DEVICE_FAMILY = "1,2";
			};
			name = Debug;
		};
		24D1C173250DD14400CF38DD /* Release */ = {
			isa = XCBuildConfiguration;
			baseConfigurationReference = 199D561105003C3B02E99F05 /* Pods-Todo.release.xcconfig */;
			buildSettings = {
				ASSETCATALOG_COMPILER_APPICON_NAME = AppIcon;
				CODE_SIGN_STYLE = Automatic;
				DEVELOPMENT_TEAM = AY73PCF9K9;
				INFOPLIST_FILE = Todo/Info.plist;
				LD_RUNPATH_SEARCH_PATHS = (
					"$(inherited)",
					"@executable_path/Frameworks",
				);
				PRODUCT_BUNDLE_IDENTIFIER = com.ameermuhammed.Todo;
				PRODUCT_NAME = "$(TARGET_NAME)";
				SWIFT_VERSION = 5.0;
				TARGETED_DEVICE_FAMILY = "1,2";
			};
			name = Release;
		};
/* End XCBuildConfiguration section */

/* Begin XCConfigurationList section */
		24D1C155250DD14300CF38DD /* Build configuration list for PBXProject "Todo" */ = {
			isa = XCConfigurationList;
			buildConfigurations = (
				24D1C16F250DD14400CF38DD /* Debug */,
				24D1C170250DD14400CF38DD /* Release */,
			);
			defaultConfigurationIsVisible = 0;
			defaultConfigurationName = Release;
		};
		24D1C171250DD14400CF38DD /* Build configuration list for PBXNativeTarget "Todo" */ = {
			isa = XCConfigurationList;
			buildConfigurations = (
				24D1C172250DD14400CF38DD /* Debug */,
				24D1C173250DD14400CF38DD /* Release */,
			);
			defaultConfigurationIsVisible = 0;
			defaultConfigurationName = Release;
		};
/* End XCConfigurationList section */

/* Begin XCVersionGroup section */
		24D1C166250DD14300CF38DD /* Todo.xcdatamodeld */ = {
			isa = XCVersionGroup;
			children = (
				24D1C167250DD14300CF38DD /* Todo.xcdatamodel */,
			);
			currentVersion = 24D1C167250DD14300CF38DD /* Todo.xcdatamodel */;
			path = Todo.xcdatamodeld;
			sourceTree = "<group>";
			versionGroupType = wrapper.xcdatamodel;
		};
/* End XCVersionGroup section */
	};
	rootObject = 24D1C152250DD14300CF38DD /* Project object */;
}
